
Microsoft Visual Studio Solution File, Format Version 12.00
# Visual Studio 14
VisualStudioVersion = 14.0.23107.0
MinimumVisualStudioVersion = 10.0.40219.1
Project("{FAE04EC0-301F-11D3-BF4B-00C04F79EFBC}") = "llvm-test", "llvm-test\llvm-test.csproj", "{5B805BE6-90B8-4AC7-AAD0-A172DF3FB99A}"
EndProject
Project("{FAE04EC0-301F-11D3-BF4B-00C04F79EFBC}") = "UnitTests", "UnitTests\UnitTests.csproj", "{810D218A-774A-44FC-9A80-85A0045212CD}"
EndProject
Global
	GlobalSection(SolutionConfigurationPlatforms) = preSolution
		Debug|Any CPU = Debug|Any CPU
		Debug|x64 = Debug|x64
		Release|Any CPU = Release|Any CPU
		Release|x64 = Release|x64
	EndGlobalSection
	GlobalSection(ProjectConfigurationPlatforms) = postSolution
		{5B805BE6-90B8-4AC7-AAD0-A172DF3FB99A}.Debug|Any CPU.ActiveCfg = Debug|Any CPU
		{5B805BE6-90B8-4AC7-AAD0-A172DF3FB99A}.Debug|Any CPU.Build.0 = Debug|Any CPU
		{5B805BE6-90B8-4AC7-AAD0-A172DF3FB99A}.Debug|x64.ActiveCfg = Debug|x64
		{5B805BE6-90B8-4AC7-AAD0-A172DF3FB99A}.Debug|x64.Build.0 = Debug|x64
		{5B805BE6-90B8-4AC7-AAD0-A172DF3FB99A}.Release|Any CPU.ActiveCfg = Release|Any CPU
		{5B805BE6-90B8-4AC7-AAD0-A172DF3FB99A}.Release|Any CPU.Build.0 = Release|Any CPU
		{5B805BE6-90B8-4AC7-AAD0-A172DF3FB99A}.Release|x64.ActiveCfg = Release|x64
		{5B805BE6-90B8-4AC7-AAD0-A172DF3FB99A}.Release|x64.Build.0 = Release|x64
		{810D218A-774A-44FC-9A80-85A0045212CD}.Debug|Any CPU.ActiveCfg = Debug|Any CPU
		{810D218A-774A-44FC-9A80-85A0045212CD}.Debug|Any CPU.Build.0 = Debug|Any CPU
		{810D218A-774A-44FC-9A80-85A0045212CD}.Debug|x64.ActiveCfg = Debug|Any CPU
		{810D218A-774A-44FC-9A80-85A0045212CD}.Debug|x64.Build.0 = Debug|Any CPU
		{810D218A-774A-44FC-9A80-85A0045212CD}.Release|Any CPU.ActiveCfg = Release|Any CPU
		{810D218A-774A-44FC-9A80-85A0045212CD}.Release|Any CPU.Build.0 = Release|Any CPU
		{810D218A-774A-44FC-9A80-85A0045212CD}.Release|x64.ActiveCfg = Release|Any CPU
		{810D218A-774A-44FC-9A80-85A0045212CD}.Release|x64.Build.0 = Release|Any CPU
	EndGlobalSection
	GlobalSection(SolutionProperties) = preSolution
		HideSolutionNode = FALSE
	EndGlobalSection
EndGlobal
